
Microsoft Visual Studio Solution File, Format Version 12.00
# Visual Studio Version 16
VisualStudioVersion = 16.0.31605.320
MinimumVisualStudioVersion = 10.0.40219.1
Project("{9A19103F-16F7-4668-BE54-9A1E7A4F7556}") = "SimpleLoanCalculator", "SimpleLoanCalculator\SimpleLoanCalculator.csproj", "{DB0CFC6E-5D9D-4F5A-B4AE-5EFB02179F6C}"
EndProject
Global
	GlobalSection(SolutionConfigurationPlatforms) = preSolution
		Debug|Any CPU = Debug|Any CPU
		Release|Any CPU = Release|Any CPU
	EndGlobalSection
	GlobalSection(ProjectConfigurationPlatforms) = postSolution
		{DB0CFC6E-5D9D-4F5A-B4AE-5EFB02179F6C}.Debug|Any CPU.ActiveCfg = Debug|Any CPU
		{DB0CFC6E-5D9D-4F5A-B4AE-5EFB02179F6C}.Debug|Any CPU.Build.0 = Debug|Any CPU
		{DB0CFC6E-5D9D-4F5A-B4AE-5EFB02179F6C}.Release|Any CPU.ActiveCfg = Release|Any CPU
		{DB0CFC6E-5D9D-4F5A-B4AE-5EFB02179F6C}.Release|Any CPU.Build.0 = Release|Any CPU
	EndGlobalSection
	GlobalSection(SolutionProperties) = preSolution
		HideSolutionNode = FALSE
	EndGlobalSection
	GlobalSection(ExtensibilityGlobals) = postSolution
		SolutionGuid = {0FD5921C-643A-4B5E-8D69-B9073789502A}
	EndGlobalSection
EndGlobal
